{
    "_meta": {
        "hash": {
            "sha256": "84cb090b798ac97d37375eda6c7acc8d8d2b8d92334d825c30a79040134c1ea6"
        },
        "pipfile-spec": 6,
        "requires": {
            "python_version": "3.8"
        },
        "sources": [
            {
                "name": "pypi",
                "url": "https://pypi.org/simple",
                "verify_ssl": true
            }
        ]
    },
    "default": {
        "cairo-nile": {
            "hashes": [
                "sha256:af055e5b77b5d98ecc91cfb54402a8be1f851818c0368e998579f55fcc304722",
                "sha256:d7c59ec2578854c4d960c62af5a62df84d70573e2edcbb0c37a91223a9413ccd"
            ],
            "index": "pypi",
            "version": "==0.5.2"
        },
        "click": {
            "hashes": [
                "sha256:24e1a4a9ec5bf6299411369b208c1df2188d9eb8d916302fe6bf03faed227f1e",
                "sha256:479707fe14d9ec9a0757618b7a100a0ae4c4e236fac5b7f80ca68028141a1a72"
            ],
            "markers": "python_version >= '3.7'",
            "version": "==8.1.2"
        },
        "fastecdsa": {
            "hashes": [
                "sha256:0ac46a3a5a116eea4847d1560234057ecac812d5deb12ff76d98dd15ad6dab12",
                "sha256:4fed79ab9b15f47419c697f97d976a9ffaf648294605dd0ea4a038dbf23c88b4",
                "sha256:bd3b7808cc2bea1e8b3c4dd5928ecfc14072403ab2a47580a7a8350800e6fedd"
            ],
            "index": "pypi",
            "version": "==1.7.5"
        },
        "importlib-metadata": {
            "hashes": [
                "sha256:1208431ca90a8cca1a6b8af391bb53c1a2db74e5d1cef6ddced95d4b2062edc6",
                "sha256:ea4c597ebf37142f827b8f39299579e31685c31d3a438b59f469406afd0f2539"
            ],
            "markers": "python_version >= '3.7'",
            "version": "==4.11.3"
        },
        "openzeppelin-cairo-contracts": {
            "hashes": [
                "sha256:73ad84e59fc29b9f3275bdb4a3f30e07dee2d2c1f9cbef96c4895490d21bb096",
                "sha256:ef25e31fdd0a5b88bb47e13b79f51054029caf8446f79a771c005219da101ea5"
            ],
            "index": "pypi",
            "version": "==0.1.0"
        },
        "python-dotenv": {
            "hashes": [
                "sha256:b7e3b04a59693c42c36f9ab1cc2acc46fa5df8c78e178fc33a8d4cd05c8d498f",
                "sha256:d92a187be61fe482e4fd675b6d52200e7be63a12b724abbf931a40ce4fa92938"
            ],
            "markers": "python_version >= '3.5'",
            "version": "==0.20.0"
        },
        "six": {
            "hashes": [
                "sha256:1e61c37477a1626458e36f7b1d82aa5c9b094fa4802892072e49de9c60c4c926",
                "sha256:8abb2f1d86890a2dfb989f9a77cfcfd3e47c2a354b01111771326f8aa26e0254"
            ],
            "markers": "python_version >= '2.7' and python_version not in '3.0, 3.1, 3.2'",
            "version": "==1.16.0"
        },
        "zipp": {
            "hashes": [
                "sha256:56bf8aadb83c24db6c4b577e13de374ccfb67da2078beba1d037c17980bf43ad",
                "sha256:c4f6e5bbf48e74f7a38e7cc5b0480ff42b0ae5178957d564d18932525d5cf099"
            ],
            "markers": "python_version >= '3.7'",
            "version": "==3.8.0"
        }
    },
    "develop": {}
}
